
Microsoft Visual Studio Solution File, Format Version 12.00
# Visual Studio Version 16
VisualStudioVersion = 16.0.32106.194
MinimumVisualStudioVersion = 10.0.40219.1
Project("{FAE04EC0-301F-11D3-BF4B-00C04F79EFBC}") = "SpringHeroBankClient", "SpringHeroBankClient\SpringHeroBankClient.csproj", "{2A322AEC-560E-4E16-8310-8280C18C4BDA}"
EndProject
Global
	GlobalSection(SolutionConfigurationPlatforms) = preSolution
		Debug|Any CPU = Debug|Any CPU
		Release|Any CPU = Release|Any CPU
	EndGlobalSection
	GlobalSection(ProjectConfigurationPlatforms) = postSolution
		{2A322AEC-560E-4E16-8310-8280C18C4BDA}.Debug|Any CPU.ActiveCfg = Debug|Any CPU
		{2A322AEC-560E-4E16-8310-8280C18C4BDA}.Debug|Any CPU.Build.0 = Debug|Any CPU
		{2A322AEC-560E-4E16-8310-8280C18C4BDA}.Release|Any CPU.ActiveCfg = Release|Any CPU
		{2A322AEC-560E-4E16-8310-8280C18C4BDA}.Release|Any CPU.Build.0 = Release|Any CPU
	EndGlobalSection
	GlobalSection(SolutionProperties) = preSolution
		HideSolutionNode = FALSE
	EndGlobalSection
	GlobalSection(ExtensibilityGlobals) = postSolution
		SolutionGuid = {01F16009-6AFB-4626-BDB5-6614144E82B8}
	EndGlobalSection
EndGlobal
